
Microsoft Visual Studio Solution File, Format Version 12.00
# Visual Studio Version 16
VisualStudioVersion = 16.0.31424.327
MinimumVisualStudioVersion = 10.0.40219.1
Project("{FAE04EC0-301F-11D3-BF4B-00C04F79EFBC}") = "PRS", "src\PRS.csproj", "{DFB0A86C-13B4-4ECC-ACDD-207DC5783852}"
EndProject
Global
	GlobalSection(SolutionConfigurationPlatforms) = preSolution
		Debug|Any CPU = Debug|Any CPU
		Release|Any CPU = Release|Any CPU
	EndGlobalSection
	GlobalSection(ProjectConfigurationPlatforms) = postSolution
		{DFB0A86C-13B4-4ECC-ACDD-207DC5783852}.Debug|Any CPU.ActiveCfg = Debug|Any CPU
		{DFB0A86C-13B4-4ECC-ACDD-207DC5783852}.Debug|Any CPU.Build.0 = Debug|Any CPU
		{DFB0A86C-13B4-4ECC-ACDD-207DC5783852}.Release|Any CPU.ActiveCfg = Release|Any CPU
		{DFB0A86C-13B4-4ECC-ACDD-207DC5783852}.Release|Any CPU.Build.0 = Release|Any CPU
	EndGlobalSection
	GlobalSection(SolutionProperties) = preSolution
		HideSolutionNode = FALSE
	EndGlobalSection
	GlobalSection(ExtensibilityGlobals) = postSolution
		SolutionGuid = {D787BE85-4144-49CA-9DAA-5FEDC6AB8929}
	EndGlobalSection
EndGlobal
