
Microsoft Visual Studio Solution File, Format Version 12.00
# Visual Studio Version 16
VisualStudioVersion = 16.0.31424.327
MinimumVisualStudioVersion = 10.0.40219.1
Project("{FAE04EC0-301F-11D3-BF4B-00C04F79EFBC}") = "PRS", "src\PRS.csproj", "{DFB0A86C-13B4-4ECC-ACDD-207DC5783852}"
EndProject
Project("{2150E333-8FDC-42A3-9474-1A3956D46DE8}") = "tests", "tests", "{0AB3BF05-4346-4AA6-1389-037BE0695223}"
EndProject
Project("{FAE04EC0-301F-11D3-BF4B-00C04F79EFBC}") = "PRS.Tests", "tests\PRS.Tests.csproj", "{A2BDE7C0-F6D1-4999-87CE-1F13DC3E4556}"
EndProject
Global
	GlobalSection(SolutionConfigurationPlatforms) = preSolution
		Debug|Any CPU = Debug|Any CPU
		Debug|x64 = Debug|x64
		Debug|x86 = Debug|x86
		Release|Any CPU = Release|Any CPU
		Release|x64 = Release|x64
		Release|x86 = Release|x86
	EndGlobalSection
	GlobalSection(ProjectConfigurationPlatforms) = postSolution
		{DFB0A86C-13B4-4ECC-ACDD-207DC5783852}.Debug|Any CPU.ActiveCfg = Debug|Any CPU
		{DFB0A86C-13B4-4ECC-ACDD-207DC5783852}.Debug|Any CPU.Build.0 = Debug|Any CPU
		{DFB0A86C-13B4-4ECC-ACDD-207DC5783852}.Debug|x64.ActiveCfg = Debug|Any CPU
		{DFB0A86C-13B4-4ECC-ACDD-207DC5783852}.Debug|x64.Build.0 = Debug|Any CPU
		{DFB0A86C-13B4-4ECC-ACDD-207DC5783852}.Debug|x86.ActiveCfg = Debug|Any CPU
		{DFB0A86C-13B4-4ECC-ACDD-207DC5783852}.Debug|x86.Build.0 = Debug|Any CPU
		{DFB0A86C-13B4-4ECC-ACDD-207DC5783852}.Release|Any CPU.ActiveCfg = Release|Any CPU
		{DFB0A86C-13B4-4ECC-ACDD-207DC5783852}.Release|Any CPU.Build.0 = Release|Any CPU
		{DFB0A86C-13B4-4ECC-ACDD-207DC5783852}.Release|x64.ActiveCfg = Release|Any CPU
		{DFB0A86C-13B4-4ECC-ACDD-207DC5783852}.Release|x64.Build.0 = Release|Any CPU
		{DFB0A86C-13B4-4ECC-ACDD-207DC5783852}.Release|x86.ActiveCfg = Release|Any CPU
		{DFB0A86C-13B4-4ECC-ACDD-207DC5783852}.Release|x86.Build.0 = Release|Any CPU
		{A2BDE7C0-F6D1-4999-87CE-1F13DC3E4556}.Debug|Any CPU.ActiveCfg = Debug|Any CPU
		{A2BDE7C0-F6D1-4999-87CE-1F13DC3E4556}.Debug|Any CPU.Build.0 = Debug|Any CPU
		{A2BDE7C0-F6D1-4999-87CE-1F13DC3E4556}.Debug|x64.ActiveCfg = Debug|Any CPU
		{A2BDE7C0-F6D1-4999-87CE-1F13DC3E4556}.Debug|x64.Build.0 = Debug|Any CPU
		{A2BDE7C0-F6D1-4999-87CE-1F13DC3E4556}.Debug|x86.ActiveCfg = Debug|Any CPU
		{A2BDE7C0-F6D1-4999-87CE-1F13DC3E4556}.Debug|x86.Build.0 = Debug|Any CPU
		{A2BDE7C0-F6D1-4999-87CE-1F13DC3E4556}.Release|Any CPU.ActiveCfg = Release|Any CPU
		{A2BDE7C0-F6D1-4999-87CE-1F13DC3E4556}.Release|Any CPU.Build.0 = Release|Any CPU
		{A2BDE7C0-F6D1-4999-87CE-1F13DC3E4556}.Release|x64.ActiveCfg = Release|Any CPU
		{A2BDE7C0-F6D1-4999-87CE-1F13DC3E4556}.Release|x64.Build.0 = Release|Any CPU
		{A2BDE7C0-F6D1-4999-87CE-1F13DC3E4556}.Release|x86.ActiveCfg = Release|Any CPU
		{A2BDE7C0-F6D1-4999-87CE-1F13DC3E4556}.Release|x86.Build.0 = Release|Any CPU
	EndGlobalSection
	GlobalSection(SolutionProperties) = preSolution
		HideSolutionNode = FALSE
	EndGlobalSection
	GlobalSection(NestedProjects) = preSolution
		{A2BDE7C0-F6D1-4999-87CE-1F13DC3E4556} = {0AB3BF05-4346-4AA6-1389-037BE0695223}
	EndGlobalSection
	GlobalSection(ExtensibilityGlobals) = postSolution
		SolutionGuid = {D787BE85-4144-49CA-9DAA-5FEDC6AB8929}
	EndGlobalSection
EndGlobal
